
Microsoft Visual Studio Solution File, Format Version 12.00
# Visual Studio 15
VisualStudioVersion = 15.0.28307.645
MinimumVisualStudioVersion = 10.0.40219.1
Project("{8BC9CEB8-8B4A-11D0-8D11-00A0C91BC942}") = "ProcessingExample", "ProcessingExample\ProcessingExample.vcxproj", "{93978486-9E61-4BB8-9080-516BD778460E}"
EndProject
Global
	GlobalSection(SolutionConfigurationPlatforms) = preSolution
		Debug|x64 = Debug|x64
		Debug|x86 = Debug|x86
		Release|x64 = Release|x64
		Release|x86 = Release|x86
	EndGlobalSection
	GlobalSection(ProjectConfigurationPlatforms) = postSolution
		{93978486-9E61-4BB8-9080-516BD778460E}.Debug|x64.ActiveCfg = Debug|x64
		{93978486-9E61-4BB8-9080-516BD778460E}.Debug|x64.Build.0 = Debug|x64
		{93978486-9E61-4BB8-9080-516BD778460E}.Debug|x86.ActiveCfg = Debug|Win32
		{93978486-9E61-4BB8-9080-516BD778460E}.Debug|x86.Build.0 = Debug|Win32
		{93978486-9E61-4BB8-9080-516BD778460E}.Release|x64.ActiveCfg = Release|x64
		{93978486-9E61-4BB8-9080-516BD778460E}.Release|x64.Build.0 = Release|x64
		{93978486-9E61-4BB8-9080-516BD778460E}.Release|x86.ActiveCfg = Release|Win32
		{93978486-9E61-4BB8-9080-516BD778460E}.Release|x86.Build.0 = Release|Win32
	EndGlobalSection
	GlobalSection(SolutionProperties) = preSolution
		HideSolutionNode = FALSE
	EndGlobalSection
	GlobalSection(ExtensibilityGlobals) = postSolution
		SolutionGuid = {A741A38D-BDE9-47E8-8D14-6D6F6428A321}
	EndGlobalSection
EndGlobal
